
Microsoft Visual Studio Solution File, Format Version 12.00
# Visual Studio 15
VisualStudioVersion = 15.0.28307.438
MinimumVisualStudioVersion = 10.0.40219.1
Project("{FAE04EC0-301F-11D3-BF4B-00C04F79EFBC}") = "Challenge", "Challenge.csproj", "{6C42D90F-608B-4AA7-9407-57743976935D}"
EndProject
Global
	GlobalSection(SolutionConfigurationPlatforms) = preSolution
		Debug|Any CPU = Debug|Any CPU
		Release|Any CPU = Release|Any CPU
	EndGlobalSection
	GlobalSection(ProjectConfigurationPlatforms) = postSolution
		{6C42D90F-608B-4AA7-9407-57743976935D}.Debug|Any CPU.ActiveCfg = Debug|Any CPU
		{6C42D90F-608B-4AA7-9407-57743976935D}.Debug|Any CPU.Build.0 = Debug|Any CPU
		{6C42D90F-608B-4AA7-9407-57743976935D}.Release|Any CPU.ActiveCfg = Release|Any CPU
		{6C42D90F-608B-4AA7-9407-57743976935D}.Release|Any CPU.Build.0 = Release|Any CPU
	EndGlobalSection
	GlobalSection(SolutionProperties) = preSolution
		HideSolutionNode = FALSE
	EndGlobalSection
	GlobalSection(ExtensibilityGlobals) = postSolution
		SolutionGuid = {423F9749-3AD4-4A99-B389-4F42280C2B86}
	EndGlobalSection
EndGlobal
